
Microsoft Visual Studio Solution File, Format Version 12.00
# Visual Studio 2013
VisualStudioVersion = 12.0.30501.0
MinimumVisualStudioVersion = 10.0.40219.1
Project("{FAE04EC0-301F-11D3-BF4B-00C04F79EFBC}") = "SimpleAD.Tests", "SimpleAD.Tests.csproj", "{3EFB997F-357B-44BF-94BE-181D460AA34D}"
EndProject
Project("{FAE04EC0-301F-11D3-BF4B-00C04F79EFBC}") = "SimpleAD", "..\SimpleAD\SimpleAD.csproj", "{B361CF9E-6192-4BB4-8A87-0D1A2784F3C0}"
EndProject
Global
	GlobalSection(SolutionConfigurationPlatforms) = preSolution
		Debug|Any CPU = Debug|Any CPU
		Release|Any CPU = Release|Any CPU
	EndGlobalSection
	GlobalSection(ProjectConfigurationPlatforms) = postSolution
		{3EFB997F-357B-44BF-94BE-181D460AA34D}.Debug|Any CPU.ActiveCfg = Debug|Any CPU
		{3EFB997F-357B-44BF-94BE-181D460AA34D}.Debug|Any CPU.Build.0 = Debug|Any CPU
		{3EFB997F-357B-44BF-94BE-181D460AA34D}.Release|Any CPU.ActiveCfg = Release|Any CPU
		{3EFB997F-357B-44BF-94BE-181D460AA34D}.Release|Any CPU.Build.0 = Release|Any CPU
		{B361CF9E-6192-4BB4-8A87-0D1A2784F3C0}.Debug|Any CPU.ActiveCfg = Debug|Any CPU
		{B361CF9E-6192-4BB4-8A87-0D1A2784F3C0}.Debug|Any CPU.Build.0 = Debug|Any CPU
		{B361CF9E-6192-4BB4-8A87-0D1A2784F3C0}.Release|Any CPU.ActiveCfg = Release|Any CPU
		{B361CF9E-6192-4BB4-8A87-0D1A2784F3C0}.Release|Any CPU.Build.0 = Release|Any CPU
	EndGlobalSection
	GlobalSection(SolutionProperties) = preSolution
		HideSolutionNode = FALSE
	EndGlobalSection
EndGlobal
